
Microsoft Visual Studio Solution File, Format Version 12.00
# Visual Studio Version 17
VisualStudioVersion = 17.4.33403.182
MinimumVisualStudioVersion = 10.0.40219.1
Project("{FAE04EC0-301F-11D3-BF4B-00C04F79EFBC}") = "MusicStore", "MusicStore.csproj", "{54CFA547-92D2-40B4-A37C-0F8699301CED}"
EndProject
Global
	GlobalSection(SolutionConfigurationPlatforms) = preSolution
		Debug|Any CPU = Debug|Any CPU
		Release|Any CPU = Release|Any CPU
	EndGlobalSection
	GlobalSection(ProjectConfigurationPlatforms) = postSolution
		{54CFA547-92D2-40B4-A37C-0F8699301CED}.Debug|Any CPU.ActiveCfg = Debug|Any CPU
		{54CFA547-92D2-40B4-A37C-0F8699301CED}.Debug|Any CPU.Build.0 = Debug|Any CPU
		{54CFA547-92D2-40B4-A37C-0F8699301CED}.Release|Any CPU.ActiveCfg = Release|Any CPU
		{54CFA547-92D2-40B4-A37C-0F8699301CED}.Release|Any CPU.Build.0 = Release|Any CPU
	EndGlobalSection
	GlobalSection(SolutionProperties) = preSolution
		HideSolutionNode = FALSE
	EndGlobalSection
	GlobalSection(ExtensibilityGlobals) = postSolution
		SolutionGuid = {21CE98CE-BD8B-47AE-93B7-6B904EBDC0BB}
	EndGlobalSection
EndGlobal
